
Microsoft Visual Studio Solution File, Format Version 12.00
# Visual Studio 2012
Project("{FAE04EC0-301F-11D3-BF4B-00C04F79EFBC}") = "AdmitOne", "AdmitOne\AdmitOne.csproj", "{0904DFBA-01D7-48D6-B1B6-69906797F001}"
EndProject
Project("{FAE04EC0-301F-11D3-BF4B-00C04F79EFBC}") = "AdmitOne.Data", "AdmitOne.Data\AdmitOne.Data.csproj", "{1E89DE2D-3127-48F2-9723-FF62B1522CD7}"
EndProject
Project("{FAE04EC0-301F-11D3-BF4B-00C04F79EFBC}") = "AdmitOne.Data.Driver", "AdmitOne.Data.Driver\AdmitOne.Data.Driver.csproj", "{08BE79DD-C152-4DD8-B18E-73BBD2E3322C}"
EndProject
Global
	GlobalSection(SolutionConfigurationPlatforms) = preSolution
		Debug|Any CPU = Debug|Any CPU
		Release|Any CPU = Release|Any CPU
	EndGlobalSection
	GlobalSection(ProjectConfigurationPlatforms) = postSolution
		{0904DFBA-01D7-48D6-B1B6-69906797F001}.Debug|Any CPU.ActiveCfg = Debug|Any CPU
		{0904DFBA-01D7-48D6-B1B6-69906797F001}.Debug|Any CPU.Build.0 = Debug|Any CPU
		{0904DFBA-01D7-48D6-B1B6-69906797F001}.Release|Any CPU.ActiveCfg = Release|Any CPU
		{0904DFBA-01D7-48D6-B1B6-69906797F001}.Release|Any CPU.Build.0 = Release|Any CPU
		{1E89DE2D-3127-48F2-9723-FF62B1522CD7}.Debug|Any CPU.ActiveCfg = Debug|Any CPU
		{1E89DE2D-3127-48F2-9723-FF62B1522CD7}.Debug|Any CPU.Build.0 = Debug|Any CPU
		{1E89DE2D-3127-48F2-9723-FF62B1522CD7}.Release|Any CPU.ActiveCfg = Release|Any CPU
		{1E89DE2D-3127-48F2-9723-FF62B1522CD7}.Release|Any CPU.Build.0 = Release|Any CPU
		{08BE79DD-C152-4DD8-B18E-73BBD2E3322C}.Debug|Any CPU.ActiveCfg = Debug|Any CPU
		{08BE79DD-C152-4DD8-B18E-73BBD2E3322C}.Debug|Any CPU.Build.0 = Debug|Any CPU
		{08BE79DD-C152-4DD8-B18E-73BBD2E3322C}.Release|Any CPU.ActiveCfg = Release|Any CPU
		{08BE79DD-C152-4DD8-B18E-73BBD2E3322C}.Release|Any CPU.Build.0 = Release|Any CPU
	EndGlobalSection
	GlobalSection(SolutionProperties) = preSolution
		HideSolutionNode = FALSE
	EndGlobalSection
EndGlobal
